
Microsoft Visual Studio Solution File, Format Version 12.00
# Visual Studio 2012
Project("{FAE04EC0-301F-11D3-BF4B-00C04F79EFBC}") = "MusicManager.Libraries", "MusicManager.Libraries\MusicManager.Libraries.csproj", "{538288C5-821A-4B53-A32F-0D225C3A9688}"
EndProject
Project("{FAE04EC0-301F-11D3-BF4B-00C04F79EFBC}") = "MusicManagerConsoleApp", "MusicManagerConsoleApp\MusicManagerConsoleApp.csproj", "{6FA6084A-7938-4C6C-9D17-9B4985481E34}"
EndProject
Global
	GlobalSection(SolutionConfigurationPlatforms) = preSolution
		Debug|Any CPU = Debug|Any CPU
		Release|Any CPU = Release|Any CPU
	EndGlobalSection
	GlobalSection(ProjectConfigurationPlatforms) = postSolution
		{538288C5-821A-4B53-A32F-0D225C3A9688}.Debug|Any CPU.ActiveCfg = Debug|Any CPU
		{538288C5-821A-4B53-A32F-0D225C3A9688}.Debug|Any CPU.Build.0 = Debug|Any CPU
		{538288C5-821A-4B53-A32F-0D225C3A9688}.Release|Any CPU.ActiveCfg = Release|Any CPU
		{538288C5-821A-4B53-A32F-0D225C3A9688}.Release|Any CPU.Build.0 = Release|Any CPU
		{6FA6084A-7938-4C6C-9D17-9B4985481E34}.Debug|Any CPU.ActiveCfg = Debug|Any CPU
		{6FA6084A-7938-4C6C-9D17-9B4985481E34}.Debug|Any CPU.Build.0 = Debug|Any CPU
		{6FA6084A-7938-4C6C-9D17-9B4985481E34}.Release|Any CPU.ActiveCfg = Release|Any CPU
		{6FA6084A-7938-4C6C-9D17-9B4985481E34}.Release|Any CPU.Build.0 = Release|Any CPU
	EndGlobalSection
	GlobalSection(SolutionProperties) = preSolution
		HideSolutionNode = FALSE
	EndGlobalSection
EndGlobal
